# THIS IS AN AUTOGENERATED FILE. DO NOT EDIT THIS FILE DIRECTLY.
# yarn lockfile v1


"@missssage/lgsform@^1.0.0":
  version "1.0.0"
  resolved "https://registry.yarnpkg.com/@missssage/lgsform/-/lgsform-1.0.0.tgz#b8e119bd33b1a95fa802a104987db3b6641184f6"
  integrity sha512-o4H/vofMkdS6MCHCQssZ7CyfTwY/A1NQgl2CATQ2QzGZR5CGOk6BZsFGabj63svWrIBeWPupy+tqE9YfTC6yQQ==

"@missssage/lgsform@^2.1.1":
  version "2.1.1"
  resolved "https://registry.yarnpkg.com/@missssage/lgsform/-/lgsform-2.1.1.tgz#b9e985d447999960dcfd958e29c515bd1a660480"
  integrity sha512-VVvCEO5BUKDdhpGwTKuHtGhPvp8EhSc8DJsdjpXvolQhmqd85OOaFgykxLh1Dr0LN7VIDaxpF4zHp9IXluuoYw==
  dependencies:
    "@missssage/lgsform" "^1.0.0"
